Microsoft Visual Studio Solution File, Format Version 12.00
# Visual Studio Version 17
VisualStudioVersion = 17.0.31903.59
MinimumVisualStudioVersion = 10.0.40219.1
Project("{FAE04EC0-301F-11D3-BF4B-00C04F79EFBC}") = "CryptoTrendForge.Core", "src/CryptoTrendForge.Core/CryptoTrendForge.Core.csproj", "{D16D8EAF-E513-455E-B5F5-49B9DC2E7460}"
EndProject
Project("{FAE04EC0-301F-11D3-BF4B-00C04F79EFBC}") = "CryptoTrendForge.Worker", "src/CryptoTrendForge.Worker/CryptoTrendForge.Worker.csproj", "{F377A158-2802-4FD5-A694-2E9BCEE45589}"
EndProject
Project("{FAE04EC0-301F-11D3-BF4B-00C04F79EFBC}") = "CryptoTrendForge.Dashboard", "src/CryptoTrendForge.Dashboard/CryptoTrendForge.Dashboard.csproj", "{A80A4C53-5AC7-4D5B-9D79-5C406D8D08B2}"
EndProject
Project("{FAE04EC0-301F-11D3-BF4B-00C04F79EFBC}") = "CryptoTrendForge.Tests", "tests/CryptoTrendForge.Tests/CryptoTrendForge.Tests.csproj", "{DF5179C8-F584-4D47-BBA8-C92C70A4B7FE}"
EndProject
Global
	GlobalSection(SolutionConfigurationPlatforms) = preSolution
		Debug|Any CPU = Debug|Any CPU
		Release|Any CPU = Release|Any CPU
	EndGlobalSection
	GlobalSection(ProjectConfigurationPlatforms) = postSolution
		{D16D8EAF-E513-455E-B5F5-49B9DC2E7460}.Debug|Any CPU.ActiveCfg = Debug|Any CPU
		{D16D8EAF-E513-455E-B5F5-49B9DC2E7460}.Debug|Any CPU.Build.0 = Debug|Any CPU
		{D16D8EAF-E513-455E-B5F5-49B9DC2E7460}.Release|Any CPU.ActiveCfg = Release|Any CPU
		{D16D8EAF-E513-455E-B5F5-49B9DC2E7460}.Release|Any CPU.Build.0 = Release|Any CPU
		{F377A158-2802-4FD5-A694-2E9BCEE45589}.Debug|Any CPU.ActiveCfg = Debug|Any CPU
		{F377A158-2802-4FD5-A694-2E9BCEE45589}.Debug|Any CPU.Build.0 = Debug|Any CPU
		{F377A158-2802-4FD5-A694-2E9BCEE45589}.Release|Any CPU.ActiveCfg = Release|Any CPU
		{F377A158-2802-4FD5-A694-2E9BCEE45589}.Release|Any CPU.Build.0 = Release|Any CPU
		{A80A4C53-5AC7-4D5B-9D79-5C406D8D08B2}.Debug|Any CPU.ActiveCfg = Debug|Any CPU
		{A80A4C53-5AC7-4D5B-9D79-5C406D8D08B2}.Debug|Any CPU.Build.0 = Debug|Any CPU
		{A80A4C53-5AC7-4D5B-9D79-5C406D8D08B2}.Release|Any CPU.ActiveCfg = Release|Any CPU
		{A80A4C53-5AC7-4D5B-9D79-5C406D8D08B2}.Release|Any CPU.Build.0 = Release|Any CPU
		{DF5179C8-F584-4D47-BBA8-C92C70A4B7FE}.Debug|Any CPU.ActiveCfg = Debug|Any CPU
		{DF5179C8-F584-4D47-BBA8-C92C70A4B7FE}.Debug|Any CPU.Build.0 = Debug|Any CPU
		{DF5179C8-F584-4D47-BBA8-C92C70A4B7FE}.Release|Any CPU.ActiveCfg = Release|Any CPU
		{DF5179C8-F584-4D47-BBA8-C92C70A4B7FE}.Release|Any CPU.Build.0 = Release|Any CPU
	EndGlobalSection
EndGlobal
